# THIS IS AN AUTOGENERATED FILE. DO NOT EDIT THIS FILE DIRECTLY.
# yarn lockfile v1


qrcode-generator@^1.4.3:
  version "1.4.3"
  resolved "https://registry.npm.taobao.org/qrcode-generator/download/qrcode-generator-1.4.3.tgz#4876e8f280e65b6c94615f4c19c484f6b964b199"
  integrity sha1-SHbo8oDmW2yUYV9MGcSE9rlksZk=
